
Microsoft Visual Studio Solution File, Format Version 12.00
Project("{FAE04EC0-301F-11D3-BF4B-00C04F79EFBC}") = "EfCore9RegressionNullable", "EfCore9RegressionNullable\EfCore9RegressionNullable.csproj", "{B34E2A5D-FF32-4280-855F-E88B39B8A7C5}"
EndProject
Global
	GlobalSection(SolutionConfigurationPlatforms) = preSolution
		Debug|Any CPU = Debug|Any CPU
		Release|Any CPU = Release|Any CPU
	EndGlobalSection
	GlobalSection(ProjectConfigurationPlatforms) = postSolution
		{B34E2A5D-FF32-4280-855F-E88B39B8A7C5}.Debug|Any CPU.ActiveCfg = Debug|Any CPU
		{B34E2A5D-FF32-4280-855F-E88B39B8A7C5}.Debug|Any CPU.Build.0 = Debug|Any CPU
		{B34E2A5D-FF32-4280-855F-E88B39B8A7C5}.Release|Any CPU.ActiveCfg = Release|Any CPU
		{B34E2A5D-FF32-4280-855F-E88B39B8A7C5}.Release|Any CPU.Build.0 = Release|Any CPU
	EndGlobalSection
EndGlobal
